// !$*UTF8*$!
{
	archiveVersion = 1;
	classes = {
	};
	objectVersion = 50;
	objects = {

/* Begin PBXBuildFile section */
		464BDF4C24A3576C00C54EB3 /* LandmarkRow.swift in Sources */ = {isa = PBXBuildFile; fileRef = 464BDF4B24A3576C00C54EB3 /* LandmarkRow.swift */; };
		464BDF5024A35D4100C54EB3 /* LandmarkList.swift in Sources */ = {isa = PBXBuildFile; fileRef = 464BDF4F24A35D4100C54EB3 /* LandmarkList.swift */; };
		464BDF5224A3886A00C54EB3 /* UserData.swift in Sources */ = {isa = PBXBuildFile; fileRef = 464BDF5124A3886A00C54EB3 /* UserData.swift */; };
		464BDF5424A4A26E00C54EB3 /* BadgeBackground.swift in Sources */ = {isa = PBXBuildFile; fileRef = 464BDF5324A4A26E00C54EB3 /* BadgeBackground.swift */; };
		464BDF5624A4A45600C54EB3 /* HexagonParameters.swift in Sources */ = {isa = PBXBuildFile; fileRef = 464BDF5524A4A45600C54EB3 /* HexagonParameters.swift */; };
		464BDF5B24A4BF8900C54EB3 /* Badge.swift in Sources */ = {isa = PBXBuildFile; fileRef = 464BDF5A24A4BF8900C54EB3 /* Badge.swift */; };
		464BDF5D24A4BFD500C54EB3 /* BadgeSymbol.swift in Sources */ = {isa = PBXBuildFile; fileRef = 464BDF5C24A4BFD500C54EB3 /* BadgeSymbol.swift */; };
		464BDF5F24A4C33000C54EB3 /* RotatedBadgeSymbol.swift in Sources */ = {isa = PBXBuildFile; fileRef = 464BDF5E24A4C33000C54EB3 /* RotatedBadgeSymbol.swift */; };
		464BDF6224A4C95E00C54EB3 /* HikeView.swift in Sources */ = {isa = PBXBuildFile; fileRef = 464BDF6124A4C95E00C54EB3 /* HikeView.swift */; };
		464BDF6424A4C99300C54EB3 /* HikeDetail.swift in Sources */ = {isa = PBXBuildFile; fileRef = 464BDF6324A4C99300C54EB3 /* HikeDetail.swift */; };
		464BDF6624A4C9CE00C54EB3 /* Hike.swift in Sources */ = {isa = PBXBuildFile; fileRef = 464BDF6524A4C9CE00C54EB3 /* Hike.swift */; };
		464BDF6824A4CA0A00C54EB3 /* HikeGraph.swift in Sources */ = {isa = PBXBuildFile; fileRef = 464BDF6724A4CA0A00C54EB3 /* HikeGraph.swift */; };
		464BDF6A24A4CA2900C54EB3 /* GraphCapsule.swift in Sources */ = {isa = PBXBuildFile; fileRef = 464BDF6924A4CA2900C54EB3 /* GraphCapsule.swift */; };
		464BDF6E24A4CA9400C54EB3 /* DataManager.swift in Sources */ = {isa = PBXBuildFile; fileRef = 464BDF6D24A4CA9400C54EB3 /* DataManager.swift */; };
		464BDF7024A4CCF100C54EB3 /* HikeData.json in Resources */ = {isa = PBXBuildFile; fileRef = 464BDF6F24A4CB1C00C54EB3 /* HikeData.json */; };
		464BDF7224AC621200C54EB3 /* CategoryHome.swift in Sources */ = {isa = PBXBuildFile; fileRef = 464BDF7124AC621200C54EB3 /* CategoryHome.swift */; };
		464BDF7424AC66D200C54EB3 /* CategoryRow.swift in Sources */ = {isa = PBXBuildFile; fileRef = 464BDF7324AC66D200C54EB3 /* CategoryRow.swift */; };
		464BDF7824AC89C400C54EB3 /* ProfileHost.swift in Sources */ = {isa = PBXBuildFile; fileRef = 464BDF7724AC89C400C54EB3 /* ProfileHost.swift */; };
		464BDF8524AC8DB000C54EB3 /* umbagog.jpg in Resources */ = {isa = PBXBuildFile; fileRef = 464BDF7924AC8DAF00C54EB3 /* umbagog.jpg */; };
		464BDF8624AC8DB000C54EB3 /* lakemcdonald.jpg in Resources */ = {isa = PBXBuildFile; fileRef = 464BDF7A24AC8DAF00C54EB3 /* lakemcdonald.jpg */; };
		464BDF8724AC8DB000C54EB3 /* chilkoottrail.jpg in Resources */ = {isa = PBXBuildFile; fileRef = 464BDF7B24AC8DAF00C54EB3 /* chilkoottrail.jpg */; };
		464BDF8824AC8DB000C54EB3 /* silversalmoncreek.jpg in Resources */ = {isa = PBXBuildFile; fileRef = 464BDF7C24AC8DAF00C54EB3 /* silversalmoncreek.jpg */; };
		464BDF8924AC8DB000C54EB3 /* icybay.jpg in Resources */ = {isa = PBXBuildFile; fileRef = 464BDF7D24AC8DAF00C54EB3 /* icybay.jpg */; };
		464BDF8A24AC8DB000C54EB3 /* chincoteague.jpg in Resources */ = {isa = PBXBuildFile; fileRef = 464BDF7E24AC8DB000C54EB3 /* chincoteague.jpg */; };
		464BDF8B24AC8DB000C54EB3 /* turtlerock.jpg in Resources */ = {isa = PBXBuildFile; fileRef = 464BDF7F24AC8DB000C54EB3 /* turtlerock.jpg */; };
		464BDF8C24AC8DB000C54EB3 /* charleyrivers.jpg in Resources */ = {isa = PBXBuildFile; fileRef = 464BDF8024AC8DB000C54EB3 /* charleyrivers.jpg */; };
		464BDF8D24AC8DB000C54EB3 /* rainbowlake.jpg in Resources */ = {isa = PBXBuildFile; fileRef = 464BDF8124AC8DB000C54EB3 /* rainbowlake.jpg */; };
		464BDF8E24AC8DB000C54EB3 /* hiddenlake.jpg in Resources */ = {isa = PBXBuildFile; fileRef = 464BDF8224AC8DB000C54EB3 /* hiddenlake.jpg */; };
		464BDF8F24AC8DB000C54EB3 /* stmarylake.jpg in Resources */ = {isa = PBXBuildFile; fileRef = 464BDF8324AC8DB000C54EB3 /* stmarylake.jpg */; };
		464BDF9024AC8DB000C54EB3 /* twinlake.jpg in Resources */ = {isa = PBXBuildFile; fileRef = 464BDF8424AC8DB000C54EB3 /* twinlake.jpg */; };
		464BDF9224AC8DDB00C54EB3 /* Profile.swift in Sources */ = {isa = PBXBuildFile; fileRef = 464BDF9124AC8DDB00C54EB3 /* Profile.swift */; };
		464BDF9424AC8E5200C54EB3 /* ProfileSummary.swift in Sources */ = {isa = PBXBuildFile; fileRef = 464BDF9324AC8E5200C54EB3 /* ProfileSummary.swift */; };
		464BDF9624AC8FF900C54EB3 /* HikeBadge.swift in Sources */ = {isa = PBXBuildFile; fileRef = 464BDF9524AC8FF900C54EB3 /* HikeBadge.swift */; };
		464BDF9824AC9C3900C54EB3 /* ProfileEditor.swift in Sources */ = {isa = PBXBuildFile; fileRef = 464BDF9724AC9C3900C54EB3 /* ProfileEditor.swift */; };
		464BDF9A24ACB16200C54EB3 /* PageViewController.swift in Sources */ = {isa = PBXBuildFile; fileRef = 464BDF9924ACB16200C54EB3 /* PageViewController.swift */; };
		464BDF9D24ACB47800C54EB3 /* PageView.swift in Sources */ = {isa = PBXBuildFile; fileRef = 464BDF9C24ACB47800C54EB3 /* PageView.swift */; };
		464BDF9F24ACB93800C54EB3 /* FeatureCard.swift in Sources */ = {isa = PBXBuildFile; fileRef = 464BDF9E24ACB93800C54EB3 /* FeatureCard.swift */; };
		464BDFA324ACB99800C54EB3 /* charleyrivers_feature.jpg in Resources */ = {isa = PBXBuildFile; fileRef = 464BDFA024ACB99800C54EB3 /* charleyrivers_feature.jpg */; };
		464BDFA424ACB99800C54EB3 /* turtlerock_feature.jpg in Resources */ = {isa = PBXBuildFile; fileRef = 464BDFA124ACB99800C54EB3 /* turtlerock_feature.jpg */; };
		464BDFA524ACB99800C54EB3 /* stmarylake_feature.jpg in Resources */ = {isa = PBXBuildFile; fileRef = 464BDFA224ACB99800C54EB3 /* stmarylake_feature.jpg */; };
		464BDFA724ACBD0200C54EB3 /* PageControl.swift in Sources */ = {isa = PBXBuildFile; fileRef = 464BDFA624ACBD0200C54EB3 /* PageControl.swift */; };
		464BDFAE24ADAE6A00C54EB3 /* Interface.storyboard in Resources */ = {isa = PBXBuildFile; fileRef = 464BDFAC24ADAE6A00C54EB3 /* Interface.storyboard */; };
		464BDFB024ADAE6C00C54EB3 /* Assets.xcassets in Resources */ = {isa = PBXBuildFile; fileRef = 464BDFAF24ADAE6C00C54EB3 /* Assets.xcassets */; };
		464BDFB724ADAE6C00C54EB3 /* WatchLandmarks Extension.appex in Embed App Extensions */ = {isa = PBXBuildFile; fileRef = 464BDFB624ADAE6C00C54EB3 /* WatchLandmarks Extension.appex */; settings = {ATTRIBUTES = (RemoveHeadersOnCopy, ); }; };
		464BDFBC24ADAE6C00C54EB3 /* ContentView.swift in Sources */ = {isa = PBXBuildFile; fileRef = 464BDFBB24ADAE6C00C54EB3 /* ContentView.swift */; };
		464BDFBE24ADAE6C00C54EB3 /* HostingController.swift in Sources */ = {isa = PBXBuildFile; fileRef = 464BDFBD24ADAE6C00C54EB3 /* HostingController.swift */; };
		464BDFC024ADAE6C00C54EB3 /* ExtensionDelegate.swift in Sources */ = {isa = PBXBuildFile; fileRef = 464BDFBF24ADAE6C00C54EB3 /* ExtensionDelegate.swift */; };
		464BDFC224ADAE6C00C54EB3 /* NotificationController.swift in Sources */ = {isa = PBXBuildFile; fileRef = 464BDFC124ADAE6C00C54EB3 /* NotificationController.swift */; };
		464BDFC424ADAE6C00C54EB3 /* NotificationView.swift in Sources */ = {isa = PBXBuildFile; fileRef = 464BDFC324ADAE6C00C54EB3 /* NotificationView.swift */; };
		464BDFC624ADAE6D00C54EB3 /* Assets.xcassets in Resources */ = {isa = PBXBuildFile; fileRef = 464BDFC524ADAE6D00C54EB3 /* Assets.xcassets */; };
		464BDFC924ADAE6D00C54EB3 /* Preview Assets.xcassets in Resources */ = {isa = PBXBuildFile; fileRef = 464BDFC824ADAE6D00C54EB3 /* Preview Assets.xcassets */; };
		464BDFCE24ADAE6D00C54EB3 /* WatchLandmarks.app in Embed Watch Content */ = {isa = PBXBuildFile; fileRef = 464BDFAA24ADAE6A00C54EB3 /* WatchLandmarks.app */; settings = {ATTRIBUTES = (RemoveHeadersOnCopy, ); }; };
		464BDFD724ADB08200C54EB3 /* DataManager.swift in Sources */ = {isa = PBXBuildFile; fileRef = 464BDF6D24A4CA9400C54EB3 /* DataManager.swift */; };
		464BDFD824ADB08200C54EB3 /* Landmark.swift in Sources */ = {isa = PBXBuildFile; fileRef = 467E005724A24FD5008FD612 /* Landmark.swift */; };
		464BDFD924ADB08200C54EB3 /* UserData.swift in Sources */ = {isa = PBXBuildFile; fileRef = 464BDF5124A3886A00C54EB3 /* UserData.swift */; };
		464BDFDA24ADB08200C54EB3 /* Hike.swift in Sources */ = {isa = PBXBuildFile; fileRef = 464BDF6524A4C9CE00C54EB3 /* Hike.swift */; };
		464BDFDB24ADB08200C54EB3 /* Profile.swift in Sources */ = {isa = PBXBuildFile; fileRef = 464BDF9124AC8DDB00C54EB3 /* Profile.swift */; };
		464BDFDC24ADB08200C54EB3 /* LandmarkRow.swift in Sources */ = {isa = PBXBuildFile; fileRef = 464BDF4B24A3576C00C54EB3 /* LandmarkRow.swift */; };
		464BDFDD24ADB08200C54EB3 /* CircleImage.swift in Sources */ = {isa = PBXBuildFile; fileRef = 467E005524A24FD5008FD612 /* CircleImage.swift */; };
		464BDFDE24ADB0D600C54EB3 /* Assets.xcassets in Resources */ = {isa = PBXBuildFile; fileRef = 467E004724A24D03008FD612 /* Assets.xcassets */; };
		464BDFDF24ADB10300C54EB3 /* charleyrivers_feature.jpg in Resources */ = {isa = PBXBuildFile; fileRef = 464BDFA024ACB99800C54EB3 /* charleyrivers_feature.jpg */; };
		464BDFE024ADB10300C54EB3 /* stmarylake_feature.jpg in Resources */ = {isa = PBXBuildFile; fileRef = 464BDFA224ACB99800C54EB3 /* stmarylake_feature.jpg */; };
		464BDFE124ADB10300C54EB3 /* turtlerock_feature.jpg in Resources */ = {isa = PBXBuildFile; fileRef = 464BDFA124ACB99800C54EB3 /* turtlerock_feature.jpg */; };
		464BDFE224ADB10300C54EB3 /* charleyrivers.jpg in Resources */ = {isa = PBXBuildFile; fileRef = 464BDF8024AC8DB000C54EB3 /* charleyrivers.jpg */; };
		464BDFE324ADB10300C54EB3 /* chilkoottrail.jpg in Resources */ = {isa = PBXBuildFile; fileRef = 464BDF7B24AC8DAF00C54EB3 /* chilkoottrail.jpg */; };
		464BDFE424ADB10300C54EB3 /* chincoteague.jpg in Resources */ = {isa = PBXBuildFile; fileRef = 464BDF7E24AC8DB000C54EB3 /* chincoteague.jpg */; };
		464BDFE524ADB10300C54EB3 /* hiddenlake.jpg in Resources */ = {isa = PBXBuildFile; fileRef = 464BDF8224AC8DB000C54EB3 /* hiddenlake.jpg */; };
		464BDFE624ADB10300C54EB3 /* icybay.jpg in Resources */ = {isa = PBXBuildFile; fileRef = 464BDF7D24AC8DAF00C54EB3 /* icybay.jpg */; };
		464BDFE724ADB10300C54EB3 /* lakemcdonald.jpg in Resources */ = {isa = PBXBuildFile; fileRef = 464BDF7A24AC8DAF00C54EB3 /* lakemcdonald.jpg */; };
		464BDFE824ADB10300C54EB3 /* rainbowlake.jpg in Resources */ = {isa = PBXBuildFile; fileRef = 464BDF8124AC8DB000C54EB3 /* rainbowlake.jpg */; };
		464BDFE924ADB10300C54EB3 /* silversalmoncreek.jpg in Resources */ = {isa = PBXBuildFile; fileRef = 464BDF7C24AC8DAF00C54EB3 /* silversalmoncreek.jpg */; };
		464BDFEA24ADB10300C54EB3 /* stmarylake.jpg in Resources */ = {isa = PBXBuildFile; fileRef = 464BDF8324AC8DB000C54EB3 /* stmarylake.jpg */; };
		464BDFEB24ADB10300C54EB3 /* turtlerock.jpg in Resources */ = {isa = PBXBuildFile; fileRef = 464BDF7F24AC8DB000C54EB3 /* turtlerock.jpg */; };
		464BDFEC24ADB10300C54EB3 /* twinlake.jpg in Resources */ = {isa = PBXBuildFile; fileRef = 464BDF8424AC8DB000C54EB3 /* twinlake.jpg */; };
		464BDFED24ADB10300C54EB3 /* umbagog.jpg in Resources */ = {isa = PBXBuildFile; fileRef = 464BDF7924AC8DAF00C54EB3 /* umbagog.jpg */; };
		464BDFEE24ADB10300C54EB3 /* LandmarkData.json in Resources */ = {isa = PBXBuildFile; fileRef = 467E005C24A25B0E008FD612 /* LandmarkData.json */; };
		464BDFEF24ADB10300C54EB3 /* HikeData.json in Resources */ = {isa = PBXBuildFile; fileRef = 464BDF6F24A4CB1C00C54EB3 /* HikeData.json */; };
		4651696224ADB42400F32262 /* WatchLandmarkDetail.swift in Sources */ = {isa = PBXBuildFile; fileRef = 4651696124ADB42400F32262 /* WatchLandmarkDetail.swift */; };
		467E004224A24D02008FD612 /* AppDelegate.swift in Sources */ = {isa = PBXBuildFile; fileRef = 467E004124A24D02008FD612 /* AppDelegate.swift */; };
		467E004424A24D02008FD612 /* SceneDelegate.swift in Sources */ = {isa = PBXBuildFile; fileRef = 467E004324A24D02008FD612 /* SceneDelegate.swift */; };
		467E004624A24D02008FD612 /* LandmarkDetail.swift in Sources */ = {isa = PBXBuildFile; fileRef = 467E004524A24D02008FD612 /* LandmarkDetail.swift */; };
		467E004824A24D03008FD612 /* Assets.xcassets in Resources */ = {isa = PBXBuildFile; fileRef = 467E004724A24D03008FD612 /* Assets.xcassets */; };
		467E004B24A24D03008FD612 /* Preview Assets.xcassets in Resources */ = {isa = PBXBuildFile; fileRef = 467E004A24A24D03008FD612 /* Preview Assets.xcassets */; };
		467E004E24A24D03008FD612 /* LaunchScreen.storyboard in Resources */ = {isa = PBXBuildFile; fileRef = 467E004C24A24D03008FD612 /* LaunchScreen.storyboard */; };
		467E005824A24FD5008FD612 /* CircleImage.swift in Sources */ = {isa = PBXBuildFile; fileRef = 467E005524A24FD5008FD612 /* CircleImage.swift */; };
		467E005924A24FD5008FD612 /* MapView.swift in Sources */ = {isa = PBXBuildFile; fileRef = 467E005624A24FD5008FD612 /* MapView.swift */; };
		467E005A24A24FD5008FD612 /* Landmark.swift in Sources */ = {isa = PBXBuildFile; fileRef = 467E005724A24FD5008FD612 /* Landmark.swift */; };
		467E005D24A25B0E008FD612 /* LandmarkData.json in Resources */ = {isa = PBXBuildFile; fileRef = 467E005C24A25B0E008FD612 /* LandmarkData.json */; };
/* End PBXBuildFile section */

/* Begin PBXContainerItemProxy section */
		464BDFB824ADAE6C00C54EB3 /* PBXContainerItemProxy */ = {
			isa = PBXContainerItemProxy;
			containerPortal = 467E003624A24D02008FD612 /* Project object */;
			proxyType = 1;
			remoteGlobalIDString = 464BDFB524ADAE6C00C54EB3;
			remoteInfo = "WatchLandmarks Extension";
		};
		464BDFCC24ADAE6D00C54EB3 /* PBXContainerItemProxy */ = {
			isa = PBXContainerItemProxy;
			containerPortal = 467E003624A24D02008FD612 /* Project object */;
			proxyType = 1;
			remoteGlobalIDString = 464BDFA924ADAE6A00C54EB3;
			remoteInfo = WatchLandmarks;
		};
/* End PBXContainerItemProxy section */

/* Begin PBXCopyFilesBuildPhase section */
		464BDFD224ADAE6D00C54EB3 /* Embed App Extensions */ = {
			isa = PBXCopyFilesBuildPhase;
			buildActionMask = 2147483647;
			dstPath = "";
			dstSubfolderSpec = 13;
			files = (
				464BDFB724ADAE6C00C54EB3 /* WatchLandmarks Extension.appex in Embed App Extensions */,
			);
			name = "Embed App Extensions";
			runOnlyForDeploymentPostprocessing = 0;
		};
		464BDFD624ADAE6D00C54EB3 /* Embed Watch Content */ = {
			isa = PBXCopyFilesBuildPhase;
			buildActionMask = 2147483647;
			dstPath = "$(CONTENTS_FOLDER_PATH)/Watch";
			dstSubfolderSpec = 16;
			files = (
				464BDFCE24ADAE6D00C54EB3 /* WatchLandmarks.app in Embed Watch Content */,
			);
			name = "Embed Watch Content";
			runOnlyForDeploymentPostprocessing = 0;
		};
/* End PBXCopyFilesBuildPhase section */

/* Begin PBXFileReference section */
		464BDF4B24A3576C00C54EB3 /* LandmarkRow.swift */ = {isa = PBXFileReference; lastKnownFileType = sourcecode.swift; path = LandmarkRow.swift; sourceTree = "<group>"; };
		464BDF4F24A35D4100C54EB3 /* LandmarkList.swift */ = {isa = PBXFileReference; lastKnownFileType = sourcecode.swift; path = LandmarkList.swift; sourceTree = "<group>"; };
		464BDF5124A3886A00C54EB3 /* UserData.swift */ = {isa = PBXFileReference; lastKnownFileType = sourcecode.swift; path = UserData.swift; sourceTree = "<group>"; };
		464BDF5324A4A26E00C54EB3 /* BadgeBackground.swift */ = {isa = PBXFileReference; lastKnownFileType = sourcecode.swift; path = BadgeBackground.swift; sourceTree = "<group>"; };
		464BDF5524A4A45600C54EB3 /* HexagonParameters.swift */ = {isa = PBXFileReference; lastKnownFileType = sourcecode.swift; path = HexagonParameters.swift; sourceTree = "<group>"; };
		464BDF5A24A4BF8900C54EB3 /* Badge.swift */ = {isa = PBXFileReference; lastKnownFileType = sourcecode.swift; path = Badge.swift; sourceTree = "<group>"; };
		464BDF5C24A4BFD500C54EB3 /* BadgeSymbol.swift */ = {isa = PBXFileReference; lastKnownFileType = sourcecode.swift; path = BadgeSymbol.swift; sourceTree = "<group>"; };
		464BDF5E24A4C33000C54EB3 /* RotatedBadgeSymbol.swift */ = {isa = PBXFileReference; lastKnownFileType = sourcecode.swift; path = RotatedBadgeSymbol.swift; sourceTree = "<group>"; };
		464BDF6124A4C95E00C54EB3 /* HikeView.swift */ = {isa = PBXFileReference; lastKnownFileType = sourcecode.swift; path = HikeView.swift; sourceTree = "<group>"; };
		464BDF6324A4C99300C54EB3 /* HikeDetail.swift */ = {isa = PBXFileReference; lastKnownFileType = sourcecode.swift; path = HikeDetail.swift; sourceTree = "<group>"; };
		464BDF6524A4C9CE00C54EB3 /* Hike.swift */ = {isa = PBXFileReference; lastKnownFileType = sourcecode.swift; path = Hike.swift; sourceTree = "<group>"; };
		464BDF6724A4CA0A00C54EB3 /* HikeGraph.swift */ = {isa = PBXFileReference; lastKnownFileType = sourcecode.swift; path = HikeGraph.swift; sourceTree = "<group>"; };
		464BDF6924A4CA2900C54EB3 /* GraphCapsule.swift */ = {isa = PBXFileReference; lastKnownFileType = sourcecode.swift; path = GraphCapsule.swift; sourceTree = "<group>"; };
		464BDF6D24A4CA9400C54EB3 /* DataManager.swift */ = {isa = PBXFileReference; lastKnownFileType = sourcecode.swift; path = DataManager.swift; sourceTree = "<group>"; };
		464BDF6F24A4CB1C00C54EB3 /* HikeData.json */ = {isa = PBXFileReference; lastKnownFileType = text.json; path = HikeData.json; sourceTree = "<group>"; };
		464BDF7124AC621200C54EB3 /* CategoryHome.swift */ = {isa = PBXFileReference; lastKnownFileType = sourcecode.swift; path = CategoryHome.swift; sourceTree = "<group>"; };
		464BDF7324AC66D200C54EB3 /* CategoryRow.swift */ = {isa = PBXFileReference; lastKnownFileType = sourcecode.swift; path = CategoryRow.swift; sourceTree = "<group>"; };
		464BDF7724AC89C400C54EB3 /* ProfileHost.swift */ = {isa = PBXFileReference; lastKnownFileType = sourcecode.swift; path = ProfileHost.swift; sourceTree = "<group>"; };
		464BDF7924AC8DAF00C54EB3 /* umbagog.jpg */ = {isa = PBXFileReference; lastKnownFileType = image.jpeg; path = umbagog.jpg; sourceTree = "<group>"; };
		464BDF7A24AC8DAF00C54EB3 /* lakemcdonald.jpg */ = {isa = PBXFileReference; lastKnownFileType = image.jpeg; path = lakemcdonald.jpg; sourceTree = "<group>"; };
		464BDF7B24AC8DAF00C54EB3 /* chilkoottrail.jpg */ = {isa = PBXFileReference; lastKnownFileType = image.jpeg; path = chilkoottrail.jpg; sourceTree = "<group>"; };
		464BDF7C24AC8DAF00C54EB3 /* silversalmoncreek.jpg */ = {isa = PBXFileReference; lastKnownFileType = image.jpeg; path = silversalmoncreek.jpg; sourceTree = "<group>"; };
		464BDF7D24AC8DAF00C54EB3 /* icybay.jpg */ = {isa = PBXFileReference; lastKnownFileType = image.jpeg; path = icybay.jpg; sourceTree = "<group>"; };
		464BDF7E24AC8DB000C54EB3 /* chincoteague.jpg */ = {isa = PBXFileReference; lastKnownFileType = image.jpeg; path = chincoteague.jpg; sourceTree = "<group>"; };
		464BDF7F24AC8DB000C54EB3 /* turtlerock.jpg */ = {isa = PBXFileReference; lastKnownFileType = image.jpeg; path = turtlerock.jpg; sourceTree = "<group>"; };
		464BDF8024AC8DB000C54EB3 /* charleyrivers.jpg */ = {isa = PBXFileReference; lastKnownFileType = image.jpeg; path = charleyrivers.jpg; sourceTree = "<group>"; };
		464BDF8124AC8DB000C54EB3 /* rainbowlake.jpg */ = {isa = PBXFileReference; lastKnownFileType = image.jpeg; path = rainbowlake.jpg; sourceTree = "<group>"; };
		464BDF8224AC8DB000C54EB3 /* hiddenlake.jpg */ = {isa = PBXFileReference; lastKnownFileType = image.jpeg; path = hiddenlake.jpg; sourceTree = "<group>"; };
		464BDF8324AC8DB000C54EB3 /* stmarylake.jpg */ = {isa = PBXFileReference; lastKnownFileType = image.jpeg; path = stmarylake.jpg; sourceTree = "<group>"; };
		464BDF8424AC8DB000C54EB3 /* twinlake.jpg */ = {isa = PBXFileReference; lastKnownFileType = image.jpeg; path = twinlake.jpg; sourceTree = "<group>"; };
		464BDF9124AC8DDB00C54EB3 /* Profile.swift */ = {isa = PBXFileReference; lastKnownFileType = sourcecode.swift; name = Profile.swift; path = SwiftUIExample/Profile.swift; sourceTree = SOURCE_ROOT; };
		464BDF9324AC8E5200C54EB3 /* ProfileSummary.swift */ = {isa = PBXFileReference; lastKnownFileType = sourcecode.swift; path = ProfileSummary.swift; sourceTree = "<group>"; };
		464BDF9524AC8FF900C54EB3 /* HikeBadge.swift */ = {isa = PBXFileReference; lastKnownFileType = sourcecode.swift; path = HikeBadge.swift; sourceTree = "<group>"; };
		464BDF9724AC9C3900C54EB3 /* ProfileEditor.swift */ = {isa = PBXFileReference; lastKnownFileType = sourcecode.swift; path = ProfileEditor.swift; sourceTree = "<group>"; };
		464BDF9924ACB16200C54EB3 /* PageViewController.swift */ = {isa = PBXFileReference; lastKnownFileType = sourcecode.swift; path = PageViewController.swift; sourceTree = "<group>"; };
		464BDF9C24ACB47800C54EB3 /* PageView.swift */ = {isa = PBXFileReference; lastKnownFileType = sourcecode.swift; path = PageView.swift; sourceTree = "<group>"; };
		464BDF9E24ACB93800C54EB3 /* FeatureCard.swift */ = {isa = PBXFileReference; lastKnownFileType = sourcecode.swift; path = FeatureCard.swift; sourceTree = "<group>"; };
		464BDFA024ACB99800C54EB3 /* charleyrivers_feature.jpg */ = {isa = PBXFileReference; lastKnownFileType = image.jpeg; path = charleyrivers_feature.jpg; sourceTree = "<group>"; };
		464BDFA124ACB99800C54EB3 /* turtlerock_feature.jpg */ = {isa = PBXFileReference; lastKnownFileType = image.jpeg; path = turtlerock_feature.jpg; sourceTree = "<group>"; };
		464BDFA224ACB99800C54EB3 /* stmarylake_feature.jpg */ = {isa = PBXFileReference; lastKnownFileType = image.jpeg; path = stmarylake_feature.jpg; sourceTree = "<group>"; };
		464BDFA624ACBD0200C54EB3 /* PageControl.swift */ = {isa = PBXFileReference; lastKnownFileType = sourcecode.swift; path = PageControl.swift; sourceTree = "<group>"; };
		464BDFAA24ADAE6A00C54EB3 /* WatchLandmarks.app */ = {isa = PBXFileReference; explicitFileType = wrapper.application; includeInIndex = 0; path = WatchLandmarks.app; sourceTree = BUILT_PRODUCTS_DIR; };
		464BDFAD24ADAE6A00C54EB3 /* Base */ = {isa = PBXFileReference; lastKnownFileType = file.storyboard; name = Base; path = Base.lproj/Interface.storyboard; sourceTree = "<group>"; };
		464BDFAF24ADAE6C00C54EB3 /* Assets.xcassets */ = {isa = PBXFileReference; lastKnownFileType = folder.assetcatalog; path = Assets.xcassets; sourceTree = "<group>"; };
		464BDFB124ADAE6C00C54EB3 /* Info.plist */ = {isa = PBXFileReference; lastKnownFileType = text.plist.xml; path = Info.plist; sourceTree = "<group>"; };
		464BDFB624ADAE6C00C54EB3 /* WatchLandmarks Extension.appex */ = {isa = PBXFileReference; explicitFileType = "wrapper.app-extension"; includeInIndex = 0; path = "WatchLandmarks Extension.appex"; sourceTree = BUILT_PRODUCTS_DIR; };
		464BDFBB24ADAE6C00C54EB3 /* ContentView.swift */ = {isa = PBXFileReference; lastKnownFileType = sourcecode.swift; path = ContentView.swift; sourceTree = "<group>"; };
		464BDFBD24ADAE6C00C54EB3 /* HostingController.swift */ = {isa = PBXFileReference; lastKnownFileType = sourcecode.swift; path = HostingController.swift; sourceTree = "<group>"; };
		464BDFBF24ADAE6C00C54EB3 /* ExtensionDelegate.swift */ = {isa = PBXFileReference; lastKnownFileType = sourcecode.swift; path = ExtensionDelegate.swift; sourceTree = "<group>"; };
		464BDFC124ADAE6C00C54EB3 /* NotificationController.swift */ = {isa = PBXFileReference; lastKnownFileType = sourcecode.swift; path = NotificationController.swift; sourceTree = "<group>"; };
		464BDFC324ADAE6C00C54EB3 /* NotificationView.swift */ = {isa = PBXFileReference; lastKnownFileType = sourcecode.swift; path = NotificationView.swift; sourceTree = "<group>"; };
		464BDFC524ADAE6D00C54EB3 /* Assets.xcassets */ = {isa = PBXFileReference; lastKnownFileType = folder.assetcatalog; path = Assets.xcassets; sourceTree = "<group>"; };
		464BDFC824ADAE6D00C54EB3 /* Preview Assets.xcassets */ = {isa = PBXFileReference; lastKnownFileType = folder.assetcatalog; path = "Preview Assets.xcassets"; sourceTree = "<group>"; };
		464BDFCA24ADAE6D00C54EB3 /* Info.plist */ = {isa = PBXFileReference; lastKnownFileType = text.plist.xml; path = Info.plist; sourceTree = "<group>"; };
		464BDFCB24ADAE6D00C54EB3 /* PushNotificationPayload.apns */ = {isa = PBXFileReference; lastKnownFileType = text; path = PushNotificationPayload.apns; sourceTree = "<group>"; };
		4651696124ADB42400F32262 /* WatchLandmarkDetail.swift */ = {isa = PBXFileReference; lastKnownFileType = sourcecode.swift; path = WatchLandmarkDetail.swift; sourceTree = "<group>"; };
		467E003E24A24D02008FD612 /* SwiftUIExample.app */ = {isa = PBXFileReference; explicitFileType = wrapper.application; includeInIndex = 0; path = SwiftUIExample.app; sourceTree = BUILT_PRODUCTS_DIR; };
		467E004124A24D02008FD612 /* AppDelegate.swift */ = {isa = PBXFileReference; lastKnownFileType = sourcecode.swift; path = AppDelegate.swift; sourceTree = "<group>"; };
		467E004324A24D02008FD612 /* SceneDelegate.swift */ = {isa = PBXFileReference; lastKnownFileType = sourcecode.swift; path = SceneDelegate.swift; sourceTree = "<group>"; };
		467E004524A24D02008FD612 /* LandmarkDetail.swift */ = {isa = PBXFileReference; lastKnownFileType = sourcecode.swift; path = LandmarkDetail.swift; sourceTree = "<group>"; };
		467E004724A24D03008FD612 /* Assets.xcassets */ = {isa = PBXFileReference; lastKnownFileType = folder.assetcatalog; path = Assets.xcassets; sourceTree = "<group>"; };
		467E004A24A24D03008FD612 /* Preview Assets.xcassets */ = {isa = PBXFileReference; lastKnownFileType = folder.assetcatalog; path = "Preview Assets.xcassets"; sourceTree = "<group>"; };
		467E004D24A24D03008FD612 /* Base */ = {isa = PBXFileReference; lastKnownFileType = file.storyboard; name = Base; path = Base.lproj/LaunchScreen.storyboard; sourceTree = "<group>"; };
		467E004F24A24D03008FD612 /* Info.plist */ = {isa = PBXFileReference; lastKnownFileType = text.plist.xml; path = Info.plist; sourceTree = "<group>"; };
		467E005524A24FD5008FD612 /* CircleImage.swift */ = {isa = PBXFileReference; fileEncoding = 4; lastKnownFileType = sourcecode.swift; path = CircleImage.swift; sourceTree = "<group>"; };
		467E005624A24FD5008FD612 /* MapView.swift */ = {isa = PBXFileReference; fileEncoding = 4; lastKnownFileType = sourcecode.swift; path = MapView.swift; sourceTree = "<group>"; };
		467E005724A24FD5008FD612 /* Landmark.swift */ = {isa = PBXFileReference; fileEncoding = 4; lastKnownFileType = sourcecode.swift; path = Landmark.swift; sourceTree = "<group>"; };
		467E005C24A25B0E008FD612 /* LandmarkData.json */ = {isa = PBXFileReference; lastKnownFileType = text.json; path = LandmarkData.json; sourceTree = "<group>"; };
/* End PBXFileReference section */

/* Begin PBXFrameworksBuildPhase section */
		464BDFB324ADAE6C00C54EB3 /* Frameworks */ = {
			isa = PBXFrameworksBuildPhase;
			buildActionMask = 2147483647;
			files = (
			);
			runOnlyForDeploymentPostprocessing = 0;
		};
		467E003B24A24D02008FD612 /* Frameworks */ = {
			isa = PBXFrameworksBuildPhase;
			buildActionMask = 2147483647;
			files = (
			);
			runOnlyForDeploymentPostprocessing = 0;
		};
/* End PBXFrameworksBuildPhase section */

/* Begin PBXGroup section */
		464BDF5724A4B85D00C54EB3 /* Badge */ = {
			isa = PBXGroup;
			children = (
				464BDF6024A4C8EF00C54EB3 /* Animation */,
				464BDF5324A4A26E00C54EB3 /* BadgeBackground.swift */,
				464BDF5A24A4BF8900C54EB3 /* Badge.swift */,
				464BDF5C24A4BFD500C54EB3 /* BadgeSymbol.swift */,
				464BDF5E24A4C33000C54EB3 /* RotatedBadgeSymbol.swift */,
				464BDF9524AC8FF900C54EB3 /* HikeBadge.swift */,
			);
			path = Badge;
			sourceTree = "<group>";
		};
		464BDF6024A4C8EF00C54EB3 /* Animation */ = {
			isa = PBXGroup;
			children = (
				464BDF6124A4C95E00C54EB3 /* HikeView.swift */,
				464BDF6324A4C99300C54EB3 /* HikeDetail.swift */,
				464BDF6724A4CA0A00C54EB3 /* HikeGraph.swift */,
				464BDF6924A4CA2900C54EB3 /* GraphCapsule.swift */,
			);
			path = Animation;
			sourceTree = "<group>";
		};
		464BDF7524AC829B00C54EB3 /* Landmark */ = {
			isa = PBXGroup;
			children = (
				467E004524A24D02008FD612 /* LandmarkDetail.swift */,
				467E005624A24FD5008FD612 /* MapView.swift */,
				464BDF4B24A3576C00C54EB3 /* LandmarkRow.swift */,
				464BDF4F24A35D4100C54EB3 /* LandmarkList.swift */,
				464BDF7124AC621200C54EB3 /* CategoryHome.swift */,
				464BDF7324AC66D200C54EB3 /* CategoryRow.swift */,
			);
			path = Landmark;
			sourceTree = "<group>";
		};
		464BDF7624AC886500C54EB3 /* Profile */ = {
			isa = PBXGroup;
			children = (
				464BDF7724AC89C400C54EB3 /* ProfileHost.swift */,
				464BDF9324AC8E5200C54EB3 /* ProfileSummary.swift */,
				464BDF9724AC9C3900C54EB3 /* ProfileEditor.swift */,
			);
			path = Profile;
			sourceTree = "<group>";
		};
		464BDF9B24ACB46D00C54EB3 /* Pages */ = {
			isa = PBXGroup;
			children = (
				464BDF9924ACB16200C54EB3 /* PageViewController.swift */,
				464BDF9C24ACB47800C54EB3 /* PageView.swift */,
				464BDF9E24ACB93800C54EB3 /* FeatureCard.swift */,
				464BDFA624ACBD0200C54EB3 /* PageControl.swift */,
			);
			path = Pages;
			sourceTree = "<group>";
		};
		464BDFAB24ADAE6A00C54EB3 /* WatchLandmarks */ = {
			isa = PBXGroup;
			children = (
				464BDFAC24ADAE6A00C54EB3 /* Interface.storyboard */,
				464BDFAF24ADAE6C00C54EB3 /* Assets.xcassets */,
				464BDFB124ADAE6C00C54EB3 /* Info.plist */,
			);
			path = WatchLandmarks;
			sourceTree = "<group>";
		};
		464BDFBA24ADAE6C00C54EB3 /* WatchLandmarks Extension */ = {
			isa = PBXGroup;
			children = (
				4651696024ADB41900F32262 /* UI */,
				464BDFBB24ADAE6C00C54EB3 /* ContentView.swift */,
				464BDFBD24ADAE6C00C54EB3 /* HostingController.swift */,
				464BDFBF24ADAE6C00C54EB3 /* ExtensionDelegate.swift */,
				464BDFC124ADAE6C00C54EB3 /* NotificationController.swift */,
				464BDFC324ADAE6C00C54EB3 /* NotificationView.swift */,
				464BDFC524ADAE6D00C54EB3 /* Assets.xcassets */,
				464BDFCA24ADAE6D00C54EB3 /* Info.plist */,
				464BDFCB24ADAE6D00C54EB3 /* PushNotificationPayload.apns */,
				464BDFC724ADAE6D00C54EB3 /* Preview Content */,
			);
			path = "WatchLandmarks Extension";
			sourceTree = "<group>";
		};
		464BDFC724ADAE6D00C54EB3 /* Preview Content */ = {
			isa = PBXGroup;
			children = (
				464BDFC824ADAE6D00C54EB3 /* Preview Assets.xcassets */,
			);
			path = "Preview Content";
			sourceTree = "<group>";
		};
		4651696024ADB41900F32262 /* UI */ = {
			isa = PBXGroup;
			children = (
				4651696124ADB42400F32262 /* WatchLandmarkDetail.swift */,
			);
			path = UI;
			sourceTree = "<group>";
		};
		467E003524A24D02008FD612 = {
			isa = PBXGroup;
			children = (
				467E004024A24D02008FD612 /* SwiftUIExample */,
				464BDFAB24ADAE6A00C54EB3 /* WatchLandmarks */,
				464BDFBA24ADAE6C00C54EB3 /* WatchLandmarks Extension */,
				467E003F24A24D02008FD612 /* Products */,
			);
			sourceTree = "<group>";
		};
		467E003F24A24D02008FD612 /* Products */ = {
			isa = PBXGroup;
			children = (
				467E003E24A24D02008FD612 /* SwiftUIExample.app */,
				464BDFAA24ADAE6A00C54EB3 /* WatchLandmarks.app */,
				464BDFB624ADAE6C00C54EB3 /* WatchLandmarks Extension.appex */,
			);
			name = Products;
			sourceTree = "<group>";
		};
		467E004024A24D02008FD612 /* SwiftUIExample */ = {
			isa = PBXGroup;
			children = (
				467E007B24A25BDC008FD612 /* AppClasses */,
				467E007A24A25BC3008FD612 /* Core */,
				467E007924A25BBB008FD612 /* Models */,
				467E007824A25BA9008FD612 /* UI */,
				467E005B24A25AEE008FD612 /* Resources */,
				467E004F24A24D03008FD612 /* Info.plist */,
				467E004C24A24D03008FD612 /* LaunchScreen.storyboard */,
				467E004924A24D03008FD612 /* Preview Content */,
			);
			path = SwiftUIExample;
			sourceTree = "<group>";
		};
		467E004924A24D03008FD612 /* Preview Content */ = {
			isa = PBXGroup;
			children = (
				467E004A24A24D03008FD612 /* Preview Assets.xcassets */,
			);
			path = "Preview Content";
			sourceTree = "<group>";
		};
		467E005B24A25AEE008FD612 /* Resources */ = {
			isa = PBXGroup;
			children = (
				464BDFA024ACB99800C54EB3 /* charleyrivers_feature.jpg */,
				464BDFA224ACB99800C54EB3 /* stmarylake_feature.jpg */,
				464BDFA124ACB99800C54EB3 /* turtlerock_feature.jpg */,
				464BDF8024AC8DB000C54EB3 /* charleyrivers.jpg */,
				464BDF7B24AC8DAF00C54EB3 /* chilkoottrail.jpg */,
				464BDF7E24AC8DB000C54EB3 /* chincoteague.jpg */,
				464BDF8224AC8DB000C54EB3 /* hiddenlake.jpg */,
				464BDF7D24AC8DAF00C54EB3 /* icybay.jpg */,
				464BDF7A24AC8DAF00C54EB3 /* lakemcdonald.jpg */,
				464BDF8124AC8DB000C54EB3 /* rainbowlake.jpg */,
				464BDF7C24AC8DAF00C54EB3 /* silversalmoncreek.jpg */,
				464BDF8324AC8DB000C54EB3 /* stmarylake.jpg */,
				464BDF7F24AC8DB000C54EB3 /* turtlerock.jpg */,
				464BDF8424AC8DB000C54EB3 /* twinlake.jpg */,
				464BDF7924AC8DAF00C54EB3 /* umbagog.jpg */,
				467E004724A24D03008FD612 /* Assets.xcassets */,
				467E005C24A25B0E008FD612 /* LandmarkData.json */,
				464BDF6F24A4CB1C00C54EB3 /* HikeData.json */,
			);
			path = Resources;
			sourceTree = "<group>";
		};
		467E007824A25BA9008FD612 /* UI */ = {
			isa = PBXGroup;
			children = (
				464BDF9B24ACB46D00C54EB3 /* Pages */,
				464BDF7624AC886500C54EB3 /* Profile */,
				464BDF7524AC829B00C54EB3 /* Landmark */,
				464BDF5724A4B85D00C54EB3 /* Badge */,
				467E005524A24FD5008FD612 /* CircleImage.swift */,
			);
			path = UI;
			sourceTree = "<group>";
		};
		467E007924A25BBB008FD612 /* Models */ = {
			isa = PBXGroup;
			children = (
				467E005724A24FD5008FD612 /* Landmark.swift */,
				464BDF5124A3886A00C54EB3 /* UserData.swift */,
				464BDF5524A4A45600C54EB3 /* HexagonParameters.swift */,
				464BDF6524A4C9CE00C54EB3 /* Hike.swift */,
				464BDF9124AC8DDB00C54EB3 /* Profile.swift */,
			);
			path = Models;
			sourceTree = "<group>";
		};
		467E007A24A25BC3008FD612 /* Core */ = {
			isa = PBXGroup;
			children = (
				464BDF6D24A4CA9400C54EB3 /* DataManager.swift */,
			);
			path = Core;
			sourceTree = "<group>";
		};
		467E007B24A25BDC008FD612 /* AppClasses */ = {
			isa = PBXGroup;
			children = (
				467E004124A24D02008FD612 /* AppDelegate.swift */,
				467E004324A24D02008FD612 /* SceneDelegate.swift */,
			);
			path = AppClasses;
			sourceTree = "<group>";
		};
/* End PBXGroup section */

/* Begin PBXNativeTarget section */
		464BDFA924ADAE6A00C54EB3 /* WatchLandmarks */ = {
			isa = PBXNativeTarget;
			buildConfigurationList = 464BDFD324ADAE6D00C54EB3 /* Build configuration list for PBXNativeTarget "WatchLandmarks" */;
			buildPhases = (
				464BDFA824ADAE6A00C54EB3 /* Resources */,
				464BDFD224ADAE6D00C54EB3 /* Embed App Extensions */,
			);
			buildRules = (
			);
			dependencies = (
				464BDFB924ADAE6C00C54EB3 /* PBXTargetDependency */,
			);
			name = WatchLandmarks;
			productName = WatchLandmarks;
			productReference = 464BDFAA24ADAE6A00C54EB3 /* WatchLandmarks.app */;
			productType = "com.apple.product-type.application.watchapp2";
		};
		464BDFB524ADAE6C00C54EB3 /* WatchLandmarks Extension */ = {
			isa = PBXNativeTarget;
			buildConfigurationList = 464BDFCF24ADAE6D00C54EB3 /* Build configuration list for PBXNativeTarget "WatchLandmarks Extension" */;
			buildPhases = (
				464BDFB224ADAE6C00C54EB3 /* Sources */,
				464BDFB324ADAE6C00C54EB3 /* Frameworks */,
				464BDFB424ADAE6C00C54EB3 /* Resources */,
			);
			buildRules = (
			);
			dependencies = (
			);
			name = "WatchLandmarks Extension";
			productName = "WatchLandmarks Extension";
			productReference = 464BDFB624ADAE6C00C54EB3 /* WatchLandmarks Extension.appex */;
			productType = "com.apple.product-type.watchkit2-extension";
		};
		467E003D24A24D02008FD612 /* SwiftUIExample */ = {
			isa = PBXNativeTarget;
			buildConfigurationList = 467E005224A24D03008FD612 /* Build configuration list for PBXNativeTarget "SwiftUIExample" */;
			buildPhases = (
				467E003A24A24D02008FD612 /* Sources */,
				467E003B24A24D02008FD612 /* Frameworks */,
				467E003C24A24D02008FD612 /* Resources */,
				464BDFD624ADAE6D00C54EB3 /* Embed Watch Content */,
			);
			buildRules = (
			);
			dependencies = (
				464BDFCD24ADAE6D00C54EB3 /* PBXTargetDependency */,
			);
			name = SwiftUIExample;
			productName = SwiftUIExample;
			productReference = 467E003E24A24D02008FD612 /* SwiftUIExample.app */;
			productType = "com.apple.product-type.application";
		};
/* End PBXNativeTarget section */

/* Begin PBXProject section */
		467E003624A24D02008FD612 /* Project object */ = {
			isa = PBXProject;
			attributes = {
				LastSwiftUpdateCheck = 1150;
				LastUpgradeCheck = 1150;
				ORGANIZATIONNAME = "Egor Veremeychik";
				TargetAttributes = {
					464BDFA924ADAE6A00C54EB3 = {
						CreatedOnToolsVersion = 11.5;
					};
					464BDFB524ADAE6C00C54EB3 = {
						CreatedOnToolsVersion = 11.5;
					};
					467E003D24A24D02008FD612 = {
						CreatedOnToolsVersion = 11.5;
					};
				};
			};
			buildConfigurationList = 467E003924A24D02008FD612 /* Build configuration list for PBXProject "SwiftUIExample" */;
			compatibilityVersion = "Xcode 9.3";
			developmentRegion = en;
			hasScannedForEncodings = 0;
			knownRegions = (
				en,
				Base,
			);
			mainGroup = 467E003524A24D02008FD612;
			productRefGroup = 467E003F24A24D02008FD612 /* Products */;
			projectDirPath = "";
			projectRoot = "";
			targets = (
				467E003D24A24D02008FD612 /* SwiftUIExample */,
				464BDFA924ADAE6A00C54EB3 /* WatchLandmarks */,
				464BDFB524ADAE6C00C54EB3 /* WatchLandmarks Extension */,
			);
		};
/* End PBXProject section */

/* Begin PBXResourcesBuildPhase section */
		464BDFA824ADAE6A00C54EB3 /* Resources */ = {
			isa = PBXResourcesBuildPhase;
			buildActionMask = 2147483647;
			files = (
				464BDFB024ADAE6C00C54EB3 /* Assets.xcassets in Resources */,
				464BDFDE24ADB0D600C54EB3 /* Assets.xcassets in Resources */,
				464BDFAE24ADAE6A00C54EB3 /* Interface.storyboard in Resources */,
			);
			runOnlyForDeploymentPostprocessing = 0;
		};
		464BDFB424ADAE6C00C54EB3 /* Resources */ = {
			isa = PBXResourcesBuildPhase;
			buildActionMask = 2147483647;
			files = (
				464BDFE924ADB10300C54EB3 /* silversalmoncreek.jpg in Resources */,
				464BDFEE24ADB10300C54EB3 /* LandmarkData.json in Resources */,
				464BDFDF24ADB10300C54EB3 /* charleyrivers_feature.jpg in Resources */,
				464BDFEF24ADB10300C54EB3 /* HikeData.json in Resources */,
				464BDFE824ADB10300C54EB3 /* rainbowlake.jpg in Resources */,
				464BDFE024ADB10300C54EB3 /* stmarylake_feature.jpg in Resources */,
				464BDFE324ADB10300C54EB3 /* chilkoottrail.jpg in Resources */,
				464BDFC924ADAE6D00C54EB3 /* Preview Assets.xcassets in Resources */,
				464BDFEA24ADB10300C54EB3 /* stmarylake.jpg in Resources */,
				464BDFE224ADB10300C54EB3 /* charleyrivers.jpg in Resources */,
				464BDFC624ADAE6D00C54EB3 /* Assets.xcassets in Resources */,
				464BDFED24ADB10300C54EB3 /* umbagog.jpg in Resources */,
				464BDFE424ADB10300C54EB3 /* chincoteague.jpg in Resources */,
				464BDFEC24ADB10300C54EB3 /* twinlake.jpg in Resources */,
				464BDFE724ADB10300C54EB3 /* lakemcdonald.jpg in Resources */,
				464BDFE524ADB10300C54EB3 /* hiddenlake.jpg in Resources */,
				464BDFE624ADB10300C54EB3 /* icybay.jpg in Resources */,
				464BDFE124ADB10300C54EB3 /* turtlerock_feature.jpg in Resources */,
				464BDFEB24ADB10300C54EB3 /* turtlerock.jpg in Resources */,
			);
			runOnlyForDeploymentPostprocessing = 0;
		};
		467E003C24A24D02008FD612 /* Resources */ = {
			isa = PBXResourcesBuildPhase;
			buildActionMask = 2147483647;
			files = (
				464BDF8624AC8DB000C54EB3 /* lakemcdonald.jpg in Resources */,
				464BDF8724AC8DB000C54EB3 /* chilkoottrail.jpg in Resources */,
				464BDF8524AC8DB000C54EB3 /* umbagog.jpg in Resources */,
				464BDF8824AC8DB000C54EB3 /* silversalmoncreek.jpg in Resources */,
				464BDF7024A4CCF100C54EB3 /* HikeData.json in Resources */,
				464BDFA424ACB99800C54EB3 /* turtlerock_feature.jpg in Resources */,
				467E004E24A24D03008FD612 /* LaunchScreen.storyboard in Resources */,
				464BDFA324ACB99800C54EB3 /* charleyrivers_feature.jpg in Resources */,
				467E005D24A25B0E008FD612 /* LandmarkData.json in Resources */,
				464BDF8D24AC8DB000C54EB3 /* rainbowlake.jpg in Resources */,
				464BDF8A24AC8DB000C54EB3 /* chincoteague.jpg in Resources */,
				464BDF8C24AC8DB000C54EB3 /* charleyrivers.jpg in Resources */,
				464BDF8F24AC8DB000C54EB3 /* stmarylake.jpg in Resources */,
				464BDFA524ACB99800C54EB3 /* stmarylake_feature.jpg in Resources */,
				464BDF8B24AC8DB000C54EB3 /* turtlerock.jpg in Resources */,
				467E004B24A24D03008FD612 /* Preview Assets.xcassets in Resources */,
				464BDF8924AC8DB000C54EB3 /* icybay.jpg in Resources */,
				464BDF8E24AC8DB000C54EB3 /* hiddenlake.jpg in Resources */,
				464BDF9024AC8DB000C54EB3 /* twinlake.jpg in Resources */,
				467E004824A24D03008FD612 /* Assets.xcassets in Resources */,
			);
			runOnlyForDeploymentPostprocessing = 0;
		};
/* End PBXResourcesBuildPhase section */

/* Begin PBXSourcesBuildPhase section */
		464BDFB224ADAE6C00C54EB3 /* Sources */ = {
			isa = PBXSourcesBuildPhase;
			buildActionMask = 2147483647;
			files = (
				464BDFD824ADB08200C54EB3 /* Landmark.swift in Sources */,
				464BDFDB24ADB08200C54EB3 /* Profile.swift in Sources */,
				464BDFBE24ADAE6C00C54EB3 /* HostingController.swift in Sources */,
				464BDFD924ADB08200C54EB3 /* UserData.swift in Sources */,
				464BDFD724ADB08200C54EB3 /* DataManager.swift in Sources */,
				464BDFDD24ADB08200C54EB3 /* CircleImage.swift in Sources */,
				464BDFBC24ADAE6C00C54EB3 /* ContentView.swift in Sources */,
				464BDFC224ADAE6C00C54EB3 /* NotificationController.swift in Sources */,
				464BDFDA24ADB08200C54EB3 /* Hike.swift in Sources */,
				4651696224ADB42400F32262 /* WatchLandmarkDetail.swift in Sources */,
				464BDFDC24ADB08200C54EB3 /* LandmarkRow.swift in Sources */,
				464BDFC024ADAE6C00C54EB3 /* ExtensionDelegate.swift in Sources */,
				464BDFC424ADAE6C00C54EB3 /* NotificationView.swift in Sources */,
			);
			runOnlyForDeploymentPostprocessing = 0;
		};
		467E003A24A24D02008FD612 /* Sources */ = {
			isa = PBXSourcesBuildPhase;
			buildActionMask = 2147483647;
			files = (
				464BDF7424AC66D200C54EB3 /* CategoryRow.swift in Sources */,
				464BDF9224AC8DDB00C54EB3 /* Profile.swift in Sources */,
				464BDF6A24A4CA2900C54EB3 /* GraphCapsule.swift in Sources */,
				464BDF7224AC621200C54EB3 /* CategoryHome.swift in Sources */,
				464BDF9F24ACB93800C54EB3 /* FeatureCard.swift in Sources */,
				464BDF7824AC89C400C54EB3 /* ProfileHost.swift in Sources */,
				464BDF5624A4A45600C54EB3 /* HexagonParameters.swift in Sources */,
				464BDF9D24ACB47800C54EB3 /* PageView.swift in Sources */,
				467E004224A24D02008FD612 /* AppDelegate.swift in Sources */,
				464BDF5424A4A26E00C54EB3 /* BadgeBackground.swift in Sources */,
				464BDF6824A4CA0A00C54EB3 /* HikeGraph.swift in Sources */,
				467E005824A24FD5008FD612 /* CircleImage.swift in Sources */,
				464BDF6224A4C95E00C54EB3 /* HikeView.swift in Sources */,
				464BDF6624A4C9CE00C54EB3 /* Hike.swift in Sources */,
				467E005924A24FD5008FD612 /* MapView.swift in Sources */,
				464BDF5024A35D4100C54EB3 /* LandmarkList.swift in Sources */,
				464BDF6424A4C99300C54EB3 /* HikeDetail.swift in Sources */,
				464BDF9A24ACB16200C54EB3 /* PageViewController.swift in Sources */,
				464BDF5D24A4BFD500C54EB3 /* BadgeSymbol.swift in Sources */,
				464BDF9624AC8FF900C54EB3 /* HikeBadge.swift in Sources */,
				464BDF5F24A4C33000C54EB3 /* RotatedBadgeSymbol.swift in Sources */,
				467E004424A24D02008FD612 /* SceneDelegate.swift in Sources */,
				467E004624A24D02008FD612 /* LandmarkDetail.swift in Sources */,
				464BDF4C24A3576C00C54EB3 /* LandmarkRow.swift in Sources */,
				464BDF5B24A4BF8900C54EB3 /* Badge.swift in Sources */,
				464BDF6E24A4CA9400C54EB3 /* DataManager.swift in Sources */,
				464BDF9424AC8E5200C54EB3 /* ProfileSummary.swift in Sources */,
				464BDFA724ACBD0200C54EB3 /* PageControl.swift in Sources */,
				464BDF5224A3886A00C54EB3 /* UserData.swift in Sources */,
				467E005A24A24FD5008FD612 /* Landmark.swift in Sources */,
				464BDF9824AC9C3900C54EB3 /* ProfileEditor.swift in Sources */,
			);
			runOnlyForDeploymentPostprocessing = 0;
		};
/* End PBXSourcesBuildPhase section */

/* Begin PBXTargetDependency section */
		464BDFB924ADAE6C00C54EB3 /* PBXTargetDependency */ = {
			isa = PBXTargetDependency;
			target = 464BDFB524ADAE6C00C54EB3 /* WatchLandmarks Extension */;
			targetProxy = 464BDFB824ADAE6C00C54EB3 /* PBXContainerItemProxy */;
		};
		464BDFCD24ADAE6D00C54EB3 /* PBXTargetDependency */ = {
			isa = PBXTargetDependency;
			target = 464BDFA924ADAE6A00C54EB3 /* WatchLandmarks */;
			targetProxy = 464BDFCC24ADAE6D00C54EB3 /* PBXContainerItemProxy */;
		};
/* End PBXTargetDependency section */

/* Begin PBXVariantGroup section */
		464BDFAC24ADAE6A00C54EB3 /* Interface.storyboard */ = {
			isa = PBXVariantGroup;
			children = (
				464BDFAD24ADAE6A00C54EB3 /* Base */,
			);
			name = Interface.storyboard;
			sourceTree = "<group>";
		};
		467E004C24A24D03008FD612 /* LaunchScreen.storyboard */ = {
			isa = PBXVariantGroup;
			children = (
				467E004D24A24D03008FD612 /* Base */,
			);
			name = LaunchScreen.storyboard;
			sourceTree = "<group>";
		};
/* End PBXVariantGroup section */

/* Begin XCBuildConfiguration section */
		464BDFD024ADAE6D00C54EB3 /* Debug */ = {
			isa = XCBuildConfiguration;
			buildSettings = {
				ASSETCATALOG_COMPILER_COMPLICATION_NAME = Complication;
				CODE_SIGN_STYLE = Automatic;
				DEVELOPMENT_ASSET_PATHS = "\"WatchLandmarks Extension/Preview Content\"";
				DEVELOPMENT_TEAM = K9DB44ZTV5;
				ENABLE_PREVIEWS = YES;
				INFOPLIST_FILE = "WatchLandmarks Extension/Info.plist";
				LD_RUNPATH_SEARCH_PATHS = (
					"$(inherited)",
					"@executable_path/Frameworks",
					"@executable_path/../../Frameworks",
				);
				PRODUCT_BUNDLE_IDENTIFIER = com.apple.SwiftUIExample.watchkitapp.watchkitextension;
				PRODUCT_NAME = "${TARGET_NAME}";
				SDKROOT = watchos;
				SKIP_INSTALL = YES;
				SWIFT_VERSION = 5.0;
				TARGETED_DEVICE_FAMILY = 4;
				WATCHOS_DEPLOYMENT_TARGET = 6.0;
			};
			name = Debug;
		};
		464BDFD124ADAE6D00C54EB3 /* Release */ = {
			isa = XCBuildConfiguration;
			buildSettings = {
				ASSETCATALOG_COMPILER_COMPLICATION_NAME = Complication;
				CODE_SIGN_STYLE = Automatic;
				DEVELOPMENT_ASSET_PATHS = "\"WatchLandmarks Extension/Preview Content\"";
				DEVELOPMENT_TEAM = K9DB44ZTV5;
				ENABLE_PREVIEWS = YES;
				INFOPLIST_FILE = "WatchLandmarks Extension/Info.plist";
				LD_RUNPATH_SEARCH_PATHS = (
					"$(inherited)",
					"@executable_path/Frameworks",
					"@executable_path/../../Frameworks",
				);
				PRODUCT_BUNDLE_IDENTIFIER = com.apple.SwiftUIExample.watchkitapp.watchkitextension;
				PRODUCT_NAME = "${TARGET_NAME}";
				SDKROOT = watchos;
				SKIP_INSTALL = YES;
				SWIFT_VERSION = 5.0;
				TARGETED_DEVICE_FAMILY = 4;
				WATCHOS_DEPLOYMENT_TARGET = 6.0;
			};
			name = Release;
		};
		464BDFD424ADAE6D00C54EB3 /* Debug */ = {
			isa = XCBuildConfiguration;
			buildSettings = {
				ALWAYS_EMBED_SWIFT_STANDARD_LIBRARIES = YES;
				ASSETCATALOG_COMPILER_APPICON_NAME = AppIcon;
				CODE_SIGN_STYLE = Automatic;
				DEVELOPMENT_TEAM = K9DB44ZTV5;
				IBSC_MODULE = WatchLandmarks_Extension;
				INFOPLIST_FILE = WatchLandmarks/Info.plist;
				PRODUCT_BUNDLE_IDENTIFIER = com.apple.SwiftUIExample.watchkitapp;
				PRODUCT_NAME = "$(TARGET_NAME)";
				SDKROOT = watchos;
				SKIP_INSTALL = YES;
				SWIFT_VERSION = 5.0;
				TARGETED_DEVICE_FAMILY = 4;
				WATCHOS_DEPLOYMENT_TARGET = 4.0;
			};
			name = Debug;
		};
		464BDFD524ADAE6D00C54EB3 /* Release */ = {
			isa = XCBuildConfiguration;
			buildSettings = {
				ALWAYS_EMBED_SWIFT_STANDARD_LIBRARIES = YES;
				ASSETCATALOG_COMPILER_APPICON_NAME = AppIcon;
				CODE_SIGN_STYLE = Automatic;
				DEVELOPMENT_TEAM = K9DB44ZTV5;
				IBSC_MODULE = WatchLandmarks_Extension;
				INFOPLIST_FILE = WatchLandmarks/Info.plist;
				PRODUCT_BUNDLE_IDENTIFIER = com.apple.SwiftUIExample.watchkitapp;
				PRODUCT_NAME = "$(TARGET_NAME)";
				SDKROOT = watchos;
				SKIP_INSTALL = YES;
				SWIFT_VERSION = 5.0;
				TARGETED_DEVICE_FAMILY = 4;
				WATCHOS_DEPLOYMENT_TARGET = 4.0;
			};
			name = Release;
		};
		467E005024A24D03008FD612 /* Debug */ = {
			isa = XCBuildConfiguration;
			buildSettings = {
				ALWAYS_SEARCH_USER_PATHS = NO;
				CLANG_ANALYZER_NONNULL = YES;
				CLANG_ANALYZER_NUMBER_OBJECT_CONVERSION = YES_AGGRESSIVE;
				CLANG_CXX_LANGUAGE_STANDARD = "gnu++14";
				CLANG_CXX_LIBRARY = "libc++";
				CLANG_ENABLE_MODULES = YES;
				CLANG_ENABLE_OBJC_ARC = YES;
				CLANG_ENABLE_OBJC_WEAK = YES;
				CLANG_WARN_BLOCK_CAPTURE_AUTORELEASING = YES;
				CLANG_WARN_BOOL_CONVERSION = YES;
				CLANG_WARN_COMMA = YES;
				CLANG_WARN_CONSTANT_CONVERSION = YES;
				CLANG_WARN_DEPRECATED_OBJC_IMPLEMENTATIONS = YES;
				CLANG_WARN_DIRECT_OBJC_ISA_USAGE = YES_ERROR;
				CLANG_WARN_DOCUMENTATION_COMMENTS = YES;
				CLANG_WARN_EMPTY_BODY = YES;
				CLANG_WARN_ENUM_CONVERSION = YES;
				CLANG_WARN_INFINITE_RECURSION = YES;
				CLANG_WARN_INT_CONVERSION = YES;
				CLANG_WARN_NON_LITERAL_NULL_CONVERSION = YES;
				CLANG_WARN_OBJC_IMPLICIT_RETAIN_SELF = YES;
				CLANG_WARN_OBJC_LITERAL_CONVERSION = YES;
				CLANG_WARN_OBJC_ROOT_CLASS = YES_ERROR;
				CLANG_WARN_RANGE_LOOP_ANALYSIS = YES;
				CLANG_WARN_STRICT_PROTOTYPES = YES;
				CLANG_WARN_SUSPICIOUS_MOVE = YES;
				CLANG_WARN_UNGUARDED_AVAILABILITY = YES_AGGRESSIVE;
				CLANG_WARN_UNREACHABLE_CODE = YES;
				CLANG_WARN__DUPLICATE_METHOD_MATCH = YES;
				COPY_PHASE_STRIP = NO;
				DEBUG_INFORMATION_FORMAT = dwarf;
				ENABLE_STRICT_OBJC_MSGSEND = YES;
				ENABLE_TESTABILITY = YES;
				GCC_C_LANGUAGE_STANDARD = gnu11;
				GCC_DYNAMIC_NO_PIC = NO;
				GCC_NO_COMMON_BLOCKS = YES;
				GCC_OPTIMIZATION_LEVEL = 0;
				GCC_PREPROCESSOR_DEFINITIONS = (
					"DEBUG=1",
					"$(inherited)",
				);
				GCC_WARN_64_TO_32_BIT_CONVERSION = YES;
				GCC_WARN_ABOUT_RETURN_TYPE = YES_ERROR;
				GCC_WARN_UNDECLARED_SELECTOR = YES;
				GCC_WARN_UNINITIALIZED_AUTOS = YES_AGGRESSIVE;
				GCC_WARN_UNUSED_FUNCTION = YES;
				GCC_WARN_UNUSED_VARIABLE = YES;
				IPHONEOS_DEPLOYMENT_TARGET = 13.0;
				MTL_ENABLE_DEBUG_INFO = INCLUDE_SOURCE;
				MTL_FAST_MATH = YES;
				ONLY_ACTIVE_ARCH = YES;
				SDKROOT = iphoneos;
				SWIFT_ACTIVE_COMPILATION_CONDITIONS = DEBUG;
				SWIFT_OPTIMIZATION_LEVEL = "-Onone";
			};
			name = Debug;
		};
		467E005124A24D03008FD612 /* Release */ = {
			isa = XCBuildConfiguration;
			buildSettings = {
				ALWAYS_SEARCH_USER_PATHS = NO;
				CLANG_ANALYZER_NONNULL = YES;
				CLANG_ANALYZER_NUMBER_OBJECT_CONVERSION = YES_AGGRESSIVE;
				CLANG_CXX_LANGUAGE_STANDARD = "gnu++14";
				CLANG_CXX_LIBRARY = "libc++";
				CLANG_ENABLE_MODULES = YES;
				CLANG_ENABLE_OBJC_ARC = YES;
				CLANG_ENABLE_OBJC_WEAK = YES;
				CLANG_WARN_BLOCK_CAPTURE_AUTORELEASING = YES;
				CLANG_WARN_BOOL_CONVERSION = YES;
				CLANG_WARN_COMMA = YES;
				CLANG_WARN_CONSTANT_CONVERSION = YES;
				CLANG_WARN_DEPRECATED_OBJC_IMPLEMENTATIONS = YES;
				CLANG_WARN_DIRECT_OBJC_ISA_USAGE = YES_ERROR;
				CLANG_WARN_DOCUMENTATION_COMMENTS = YES;
				CLANG_WARN_EMPTY_BODY = YES;
				CLANG_WARN_ENUM_CONVERSION = YES;
				CLANG_WARN_INFINITE_RECURSION = YES;
				CLANG_WARN_INT_CONVERSION = YES;
				CLANG_WARN_NON_LITERAL_NULL_CONVERSION = YES;
				CLANG_WARN_OBJC_IMPLICIT_RETAIN_SELF = YES;
				CLANG_WARN_OBJC_LITERAL_CONVERSION = YES;
				CLANG_WARN_OBJC_ROOT_CLASS = YES_ERROR;
				CLANG_WARN_RANGE_LOOP_ANALYSIS = YES;
				CLANG_WARN_STRICT_PROTOTYPES = YES;
				CLANG_WARN_SUSPICIOUS_MOVE = YES;
				CLANG_WARN_UNGUARDED_AVAILABILITY = YES_AGGRESSIVE;
				CLANG_WARN_UNREACHABLE_CODE = YES;
				CLANG_WARN__DUPLICATE_METHOD_MATCH = YES;
				COPY_PHASE_STRIP = NO;
				DEBUG_INFORMATION_FORMAT = "dwarf-with-dsym";
				ENABLE_NS_ASSERTIONS = NO;
				ENABLE_STRICT_OBJC_MSGSEND = YES;
				GCC_C_LANGUAGE_STANDARD = gnu11;
				GCC_NO_COMMON_BLOCKS = YES;
				GCC_WARN_64_TO_32_BIT_CONVERSION = YES;
				GCC_WARN_ABOUT_RETURN_TYPE = YES_ERROR;
				GCC_WARN_UNDECLARED_SELECTOR = YES;
				GCC_WARN_UNINITIALIZED_AUTOS = YES_AGGRESSIVE;
				GCC_WARN_UNUSED_FUNCTION = YES;
				GCC_WARN_UNUSED_VARIABLE = YES;
				IPHONEOS_DEPLOYMENT_TARGET = 13.0;
				MTL_ENABLE_DEBUG_INFO = NO;
				MTL_FAST_MATH = YES;
				SDKROOT = iphoneos;
				SWIFT_COMPILATION_MODE = wholemodule;
				SWIFT_OPTIMIZATION_LEVEL = "-O";
				VALIDATE_PRODUCT = YES;
			};
			name = Release;
		};
		467E005324A24D03008FD612 /* Debug */ = {
			isa = XCBuildConfiguration;
			buildSettings = {
				ASSETCATALOG_COMPILER_APPICON_NAME = AppIcon;
				CODE_SIGN_STYLE = Automatic;
				DEVELOPMENT_ASSET_PATHS = "\"SwiftUIExample/Preview Content\"";
				DEVELOPMENT_TEAM = K9DB44ZTV5;
				ENABLE_PREVIEWS = YES;
				INFOPLIST_FILE = SwiftUIExample/Info.plist;
				LD_RUNPATH_SEARCH_PATHS = (
					"$(inherited)",
					"@executable_path/Frameworks",
				);
				PRODUCT_BUNDLE_IDENTIFIER = com.apple.SwiftUIExample;
				PRODUCT_NAME = "$(TARGET_NAME)";
				SWIFT_VERSION = 5.0;
				TARGETED_DEVICE_FAMILY = "1,2";
			};
			name = Debug;
		};
		467E005424A24D03008FD612 /* Release */ = {
			isa = XCBuildConfiguration;
			buildSettings = {
				ASSETCATALOG_COMPILER_APPICON_NAME = AppIcon;
				CODE_SIGN_STYLE = Automatic;
				DEVELOPMENT_ASSET_PATHS = "\"SwiftUIExample/Preview Content\"";
				DEVELOPMENT_TEAM = K9DB44ZTV5;
				ENABLE_PREVIEWS = YES;
				INFOPLIST_FILE = SwiftUIExample/Info.plist;
				LD_RUNPATH_SEARCH_PATHS = (
					"$(inherited)",
					"@executable_path/Frameworks",
				);
				PRODUCT_BUNDLE_IDENTIFIER = com.apple.SwiftUIExample;
				PRODUCT_NAME = "$(TARGET_NAME)";
				SWIFT_VERSION = 5.0;
				TARGETED_DEVICE_FAMILY = "1,2";
			};
			name = Release;
		};
/* End XCBuildConfiguration section */

/* Begin XCConfigurationList section */
		464BDFCF24ADAE6D00C54EB3 /* Build configuration list for PBXNativeTarget "WatchLandmarks Extension" */ = {
			isa = XCConfigurationList;
			buildConfigurations = (
				464BDFD024ADAE6D00C54EB3 /* Debug */,
				464BDFD124ADAE6D00C54EB3 /* Release */,
			);
			defaultConfigurationIsVisible = 0;
			defaultConfigurationName = Release;
		};
		464BDFD324ADAE6D00C54EB3 /* Build configuration list for PBXNativeTarget "WatchLandmarks" */ = {
			isa = XCConfigurationList;
			buildConfigurations = (
				464BDFD424ADAE6D00C54EB3 /* Debug */,
				464BDFD524ADAE6D00C54EB3 /* Release */,
			);
			defaultConfigurationIsVisible = 0;
			defaultConfigurationName = Release;
		};
		467E003924A24D02008FD612 /* Build configuration list for PBXProject "SwiftUIExample" */ = {
			isa = XCConfigurationList;
			buildConfigurations = (
				467E005024A24D03008FD612 /* Debug */,
				467E005124A24D03008FD612 /* Release */,
			);
			defaultConfigurationIsVisible = 0;
			defaultConfigurationName = Release;
		};
		467E005224A24D03008FD612 /* Build configuration list for PBXNativeTarget "SwiftUIExample" */ = {
			isa = XCConfigurationList;
			buildConfigurations = (
				467E005324A24D03008FD612 /* Debug */,
				467E005424A24D03008FD612 /* Release */,
			);
			defaultConfigurationIsVisible = 0;
			defaultConfigurationName = Release;
		};
/* End XCConfigurationList section */
	};
	rootObject = 467E003624A24D02008FD612 /* Project object */;
}
